
Microsoft Visual Studio Solution File, Format Version 12.00
# Visual Studio Version 17
VisualStudioVersion = 17.7.34221.43
MinimumVisualStudioVersion = 10.0.40219.1
Project("{FAE04EC0-301F-11D3-BF4B-00C04F79EFBC}") = "JDRC2237A3", "JDRC2237A3\JDRC2237A3.csproj", "{022D12BF-21FA-4D5E-95E2-07787686BDF7}"
EndProject
Global
	GlobalSection(SolutionConfigurationPlatforms) = preSolution
		Debug|Any CPU = Debug|Any CPU
		Release|Any CPU = Release|Any CPU
	EndGlobalSection
	GlobalSection(ProjectConfigurationPlatforms) = postSolution
		{022D12BF-21FA-4D5E-95E2-07787686BDF7}.Debug|Any CPU.ActiveCfg = Debug|Any CPU
		{022D12BF-21FA-4D5E-95E2-07787686BDF7}.Debug|Any CPU.Build.0 = Debug|Any CPU
		{022D12BF-21FA-4D5E-95E2-07787686BDF7}.Release|Any CPU.ActiveCfg = Release|Any CPU
		{022D12BF-21FA-4D5E-95E2-07787686BDF7}.Release|Any CPU.Build.0 = Release|Any CPU
	EndGlobalSection
	GlobalSection(SolutionProperties) = preSolution
		HideSolutionNode = FALSE
	EndGlobalSection
	GlobalSection(ExtensibilityGlobals) = postSolution
		SolutionGuid = {7D5CAE3C-2FEC-4717-9FF0-E1E9A1D73BA6}
	EndGlobalSection
EndGlobal
